
Microsoft Visual Studio Solution File, Format Version 12.00
# Visual Studio 14
VisualStudioVersion = 14.0.25420.1
MinimumVisualStudioVersion = 10.0.40219.1
Project("{FAE04EC0-301F-11D3-BF4B-00C04F79EFBC}") = "Iceland.GildedRose", "Iceland.GildedRose\Iceland.GildedRose.csproj", "{4D9FF956-0687-4F87-B184-8274A5D760DF}"
EndProject
Project("{FAE04EC0-301F-11D3-BF4B-00C04F79EFBC}") = "Iceland.GildedRose.Tests", "Iceland.GildedRose.Tests\Iceland.GildedRose.Tests.csproj", "{CBD49E98-9F59-4778-8AFA-163DE1687132}"
EndProject
Project("{FAE04EC0-301F-11D3-BF4B-00C04F79EFBC}") = "Iceland.GildedRose.Core", "Iceland.GildedRose.Core\Iceland.GildedRose.Core.csproj", "{24AC9934-2AB2-4857-9138-9C32F29CC1E8}"
EndProject
Global
	GlobalSection(SolutionConfigurationPlatforms) = preSolution
		Debug|Any CPU = Debug|Any CPU
		Release|Any CPU = Release|Any CPU
	EndGlobalSection
	GlobalSection(ProjectConfigurationPlatforms) = postSolution
		{4D9FF956-0687-4F87-B184-8274A5D760DF}.Debug|Any CPU.ActiveCfg = Debug|Any CPU
		{4D9FF956-0687-4F87-B184-8274A5D760DF}.Debug|Any CPU.Build.0 = Debug|Any CPU
		{4D9FF956-0687-4F87-B184-8274A5D760DF}.Release|Any CPU.ActiveCfg = Release|Any CPU
		{4D9FF956-0687-4F87-B184-8274A5D760DF}.Release|Any CPU.Build.0 = Release|Any CPU
		{CBD49E98-9F59-4778-8AFA-163DE1687132}.Debug|Any CPU.ActiveCfg = Debug|Any CPU
		{CBD49E98-9F59-4778-8AFA-163DE1687132}.Debug|Any CPU.Build.0 = Debug|Any CPU
		{CBD49E98-9F59-4778-8AFA-163DE1687132}.Release|Any CPU.ActiveCfg = Release|Any CPU
		{CBD49E98-9F59-4778-8AFA-163DE1687132}.Release|Any CPU.Build.0 = Release|Any CPU
		{24AC9934-2AB2-4857-9138-9C32F29CC1E8}.Debug|Any CPU.ActiveCfg = Debug|Any CPU
		{24AC9934-2AB2-4857-9138-9C32F29CC1E8}.Debug|Any CPU.Build.0 = Debug|Any CPU
		{24AC9934-2AB2-4857-9138-9C32F29CC1E8}.Release|Any CPU.ActiveCfg = Release|Any CPU
		{24AC9934-2AB2-4857-9138-9C32F29CC1E8}.Release|Any CPU.Build.0 = Release|Any CPU
	EndGlobalSection
	GlobalSection(SolutionProperties) = preSolution
		HideSolutionNode = FALSE
	EndGlobalSection
EndGlobal
